
Microsoft Visual Studio Solution File, Format Version 12.00
# Visual Studio Version 17
VisualStudioVersion = 17.0.31903.59
MinimumVisualStudioVersion = 10.0.40219.1
Project("{FAE04EC0-301F-11D3-BF4B-00C04F79EFBC}") = "FlatJsonConsoleFormatter", "src\FlatJsonConsoleFormatter\FlatJsonConsoleFormatter.csproj", "{6EA54A0A-2A00-4F15-BA28-F3AA9B6494C4}"
EndProject
Project("{2150E333-8FDC-42A3-9474-1A3956D46DE8}") = "bench", "bench", "{CD936024-0A0B-43A6-93C2-BBC6A4D2545C}"
EndProject
Project("{FAE04EC0-301F-11D3-BF4B-00C04F79EFBC}") = "Benchmarks", "bench\Benchmarks.csproj", "{71A23A59-A9F6-4CA3-9C56-59C44C43C679}"
EndProject
Project("{FAE04EC0-301F-11D3-BF4B-00C04F79EFBC}") = "Unit", "tests\Unit\Unit.csproj", "{F016A47F-2CE0-4B0C-92CF-D54279FCFB04}"
EndProject
Global
	GlobalSection(SolutionConfigurationPlatforms) = preSolution
		Debug|Any CPU = Debug|Any CPU
		Release|Any CPU = Release|Any CPU
	EndGlobalSection
	GlobalSection(SolutionProperties) = preSolution
		HideSolutionNode = FALSE
	EndGlobalSection
	GlobalSection(ProjectConfigurationPlatforms) = postSolution
		{6EA54A0A-2A00-4F15-BA28-F3AA9B6494C4}.Debug|Any CPU.ActiveCfg = Debug|Any CPU
		{6EA54A0A-2A00-4F15-BA28-F3AA9B6494C4}.Debug|Any CPU.Build.0 = Debug|Any CPU
		{6EA54A0A-2A00-4F15-BA28-F3AA9B6494C4}.Release|Any CPU.ActiveCfg = Release|Any CPU
		{6EA54A0A-2A00-4F15-BA28-F3AA9B6494C4}.Release|Any CPU.Build.0 = Release|Any CPU
		{71A23A59-A9F6-4CA3-9C56-59C44C43C679}.Debug|Any CPU.ActiveCfg = Debug|Any CPU
		{71A23A59-A9F6-4CA3-9C56-59C44C43C679}.Debug|Any CPU.Build.0 = Debug|Any CPU
		{71A23A59-A9F6-4CA3-9C56-59C44C43C679}.Release|Any CPU.ActiveCfg = Release|Any CPU
		{71A23A59-A9F6-4CA3-9C56-59C44C43C679}.Release|Any CPU.Build.0 = Release|Any CPU
		{F016A47F-2CE0-4B0C-92CF-D54279FCFB04}.Debug|Any CPU.ActiveCfg = Debug|Any CPU
		{F016A47F-2CE0-4B0C-92CF-D54279FCFB04}.Debug|Any CPU.Build.0 = Debug|Any CPU
		{F016A47F-2CE0-4B0C-92CF-D54279FCFB04}.Release|Any CPU.ActiveCfg = Release|Any CPU
		{F016A47F-2CE0-4B0C-92CF-D54279FCFB04}.Release|Any CPU.Build.0 = Release|Any CPU
	EndGlobalSection
	GlobalSection(NestedProjects) = preSolution
		{71A23A59-A9F6-4CA3-9C56-59C44C43C679} = {CD936024-0A0B-43A6-93C2-BBC6A4D2545C}
	EndGlobalSection
EndGlobal
